{
  "version": "4",
  "specifiers": {
    "jsr:@hono/hono@^4.6.6": "4.6.6",
    "jsr:@std/fs@^1.0.5": "1.0.5",
    "jsr:@std/path@*": "1.0.7",
    "jsr:@std/path@^1.0.7": "1.0.7",
    "npm:@imagemagick/magick-wasm@0.0.31": "0.0.31",
    "npm:wikipedia@*": "2.1.1",
    "npm:wikipedia@^2.1.2": "2.1.2"
  },
  "jsr": {
    "@hono/hono@4.6.6": {
      "integrity": "4856346894db3abfc4bdb89607b4d7bd84725236076fc922573def2b2b64130b"
    },
    "@std/fs@1.0.5": {
      "integrity": "41806ad6823d0b5f275f9849a2640d87e4ef67c51ee1b8fb02426f55e02fd44e",
      "dependencies": [
        "jsr:@std/path@^1.0.7"
      ]
    },
    "@std/path@1.0.7": {
      "integrity": "76a689e07f0e15dcc6002ec39d0866797e7156629212b28f27179b8a5c3b33a1"
    }
  },
  "npm": {
    "@imagemagick/magick-wasm@0.0.31": {
      "integrity": "sha512-QNivAUxSaItuiY8ziI/vRy6TtoecD7TOsD1LGZCG3wv8lfbdGbIj2QiJk0FlGkGwAVR966NlD3mkxPNvQrvq0w=="
    },
    "asynckit@0.4.0": {
      "integrity": "sha512-Oei9OH4tRh0YqU3GxhX79dM/mwVgvbZJaSNaRk+bshkj0S5cfHcgYakreBjrHwatXKbz+IoIdYLxrKim2MjW0Q=="
    },
    "axios@1.6.2": {
      "integrity": "sha512-7i24Ri4pmDRfJTR7LDBhsOTtcm+9kjX5WiY1X3wIisx6G9So3pfMkEiU7emUBe46oceVImccTEM3k6C5dbVW8A==",
      "dependencies": [
        "follow-redirects",
        "form-data",
        "proxy-from-env"
      ]
    },
    "camelcase@4.1.0": {
      "integrity": "sha512-FxAv7HpHrXbh3aPo4o2qxHay2lkLY3x5Mw3KeE4KQE8ysVfziWeRZDwcjauvwBSGEC/nXUPzZy8zeh4HokqOnw=="
    },
    "combined-stream@1.0.8": {
      "integrity": "sha512-FQN4MRfuJeHf7cBbBMJFXhKSDq+2kAArBlmRBvcvFE5BB1HZKXtSFASDhdlz9zOYwxh8lDdnvmMOe/+5cdoEdg==",
      "dependencies": [
        "delayed-stream"
      ]
    },
    "delayed-stream@1.0.0": {
      "integrity": "sha512-ZySD7Nf91aLB0RxL4KGrKHBXl7Eds1DAmEdcoVawXnLD7SDhpNgtuII2aAkg7a7QS41jxPSZ17p4VdGnMHk3MQ=="
    },
    "follow-redirects@1.15.3": {
      "integrity": "sha512-1VzOtuEM8pC9SFU1E+8KfTjZyMztRsgEfwQl44z8A25uy13jSzTj6dyK2Df52iV0vgHCfBwLhDWevLn95w5v6Q=="
    },
    "form-data@4.0.0": {
      "integrity": "sha512-ETEklSGi5t0QMZuiXoA/Q6vcnxcLQP5vdugSpuAyi6SVGi2clPPp+xgEhuMaHC+zGgn31Kd235W35f7Hykkaww==",
      "dependencies": [
        "asynckit",
        "combined-stream",
        "mime-types"
      ]
    },
    "infobox-parser@3.6.2": {
      "integrity": "sha512-lasdwvbtjCtDDO6mArAs/ueFEnBJRyo2UbZPAkd5rEG5NVJ3XFCOvbMwNTT/rJlFv1+ORw8D3UvZV4brpgATCg==",
      "dependencies": [
        "camelcase"
      ]
    },
    "mime-db@1.52.0": {
      "integrity": "sha512-sPU4uV7dYlvtWJxwwxHD0PuihVNiE7TyAbQ5SWxDCB9mUYvOgroQOwYQQOKPJ8CIbE+1ETVlOoK1UC2nU3gYvg=="
    },
    "mime-types@2.1.35": {
      "integrity": "sha512-ZDY+bPm5zTTF+YpCrAU9nK0UgICYPT0QtT1NZWFv4s++TNkcgVaT0g6+4R2uI4MjQjzysHB1zxuWL50hzaeXiw==",
      "dependencies": [
        "mime-db"
      ]
    },
    "proxy-from-env@1.1.0": {
      "integrity": "sha512-D+zkORCbA9f1tdWRK0RaCR3GPv50cMxcrz4X8k5LTSUD1Dkw47mKJEZQNunItRTkWwgtaUSo1RVFRIG9ZXiFYg=="
    },
    "wikipedia@2.1.1": {
      "integrity": "sha512-l3lG6ieLTPoHfFEQ1KBJsY7MTEBiP+IJnKZO8ZFgUNA1StBMr4CKTKYw1Oxz2VmN0gUVVnm1MXt/WCm47YnxbQ==",
      "dependencies": [
        "axios",
        "infobox-parser"
      ]
    },
    "wikipedia@2.1.2": {
      "integrity": "sha512-RAYaMpXC9/E873RaSEtlEa8dXK4e0p5k98GKOd210MtkE5emm6fcnwD+N6ZA4cuffjDWagvhaQKtp/mGp2BOVQ==",
      "dependencies": [
        "axios",
        "infobox-parser"
      ]
    }
  },
  "remote": {
    "https://deno.land/std@0.224.0/path/_common/assert_path.ts": "dbdd757a465b690b2cc72fc5fb7698c51507dec6bfafce4ca500c46b76ff7bd8",
    "https://deno.land/std@0.224.0/path/_common/basename.ts": "569744855bc8445f3a56087fd2aed56bdad39da971a8d92b138c9913aecc5fa2",
    "https://deno.land/std@0.224.0/path/_common/constants.ts": "dc5f8057159f4b48cd304eb3027e42f1148cf4df1fb4240774d3492b5d12ac0c",
    "https://deno.land/std@0.224.0/path/_common/dirname.ts": "684df4aa71a04bbcc346c692c8485594fc8a90b9408dfbc26ff32cf3e0c98cc8",
    "https://deno.land/std@0.224.0/path/_common/normalize.ts": "684df4aa71a04bbcc346c692c8485594fc8a90b9408dfbc26ff32cf3e0c98cc8",
    "https://deno.land/std@0.224.0/path/_common/normalize_string.ts": "33edef773c2a8e242761f731adeb2bd6d683e9c69e4e3d0092985bede74f4ac3",
    "https://deno.land/std@0.224.0/path/_common/strip_trailing_separators.ts": "7024a93447efcdcfeaa9339a98fa63ef9d53de363f1fbe9858970f1bba02655a",
    "https://deno.land/std@0.224.0/path/posix/_util.ts": "1e3937da30f080bfc99fe45d7ed23c47dd8585c5e473b2d771380d3a6937cf9d",
    "https://deno.land/std@0.224.0/path/posix/basename.ts": "d2fa5fbbb1c5a3ab8b9326458a8d4ceac77580961b3739cd5bfd1d3541a3e5f0",
    "https://deno.land/std@0.224.0/path/posix/dirname.ts": "76cd348ffe92345711409f88d4d8561d8645353ac215c8e9c80140069bf42f00",
    "https://deno.land/std@0.224.0/path/posix/extname.ts": "e398c1d9d1908d3756a7ed94199fcd169e79466dd88feffd2f47ce0abf9d61d2",
    "https://deno.land/std@0.224.0/path/posix/join.ts": "7fc2cb3716aa1b863e990baf30b101d768db479e70b7313b4866a088db016f63",
    "https://deno.land/std@0.224.0/path/posix/normalize.ts": "baeb49816a8299f90a0237d214cef46f00ba3e95c0d2ceb74205a6a584b58a91",
    "https://deno.land/std@0.224.0/url/_strip.ts": "928fe9af16d7c5bf24816d1e90d84bfe702f3e059f9d63509b5a37087e947800",
    "https://deno.land/std@0.224.0/url/basename.ts": "068260fa6da5fae5236d94beb90d4631e555e6c169d5b6dbe2142fd449c97c87",
    "https://deno.land/std@0.224.0/url/dirname.ts": "e60c42ab7fd6c84074fbc4fe222a14822381a6a8539c42dbfdc1f991d3d62951",
    "https://deno.land/std@0.224.0/url/extname.ts": "3c93dffcc86cab6af0473b083499849eee504dbe9d28242bc7cc8c3b526e3dbb",
    "https://deno.land/std@0.224.0/url/join.ts": "ea92b72fcbc84cf7662cdba305f094faa05c2e2097bf0d21b983b148c877d384",
    "https://deno.land/std@0.224.0/url/mod.ts": "bccc4e7ffe062e08e7914330b31b3e53b65d788f3702074a9ae5107e5cb6f11f",
    "https://deno.land/std@0.224.0/url/normalize.ts": "4f5a06f85fca75b8bbcbdf320807da5ecf617d7fccef1c8f87a8014d2fdca9cb",
    "https://deno.land/x/imagemagick_deno@0.0.14/mod.ts": "6b58c767d2308488597c3660e7ff399ede244198d7903900fa43a49cf93c7796",
    "https://deno.land/x/imagemagick_deno@0.0.14/src/alpha-option.ts": "749a9f3309e491ec09a1d6bc50ce95d9733887d9f57c6863c4ff1c7e9610227b",
    "https://deno.land/x/imagemagick_deno@0.0.14/src/auto-threshold-method.ts": "bb08a00046137e441930e56190b6db10c5fe657cb0a6142cd565a40b1c4250a2",
    "https://deno.land/x/imagemagick_deno@0.0.14/src/channels.ts": "a15c5f2d278ee7961b4b425c97cfc1fc62c1955c87706c74743fa6215fa482c9",
    "https://deno.land/x/imagemagick_deno@0.0.14/src/color-space.ts": "3d9a60f3a8bfefea8d9525572d7bd6214530c69688e8799dceb492b7797d1d0a",
    "https://deno.land/x/imagemagick_deno@0.0.14/src/composite-operator.ts": "f4b5046415c5965d53b17a9e441a42d87e8477b7c158704abd417d6ac10f3ea0",
    "https://deno.land/x/imagemagick_deno@0.0.14/src/defines/define.ts": "645fb3a06424ed750250212ac8762ba2ea97c4e4fdbda8aedf21734cbaf4833c",
    "https://deno.land/x/imagemagick_deno@0.0.14/src/defines/defines.ts": "fc8e12475e11a30f9f6f9c2b5e2fba94b01d65135654b97694da915d40fae2fe",
    "https://deno.land/x/imagemagick_deno@0.0.14/src/distort-method.ts": "13819e00ccb6a636af9ece5d11dfce9451e578d46c94e1f528b0ae5da7721985",
    "https://deno.land/x/imagemagick_deno@0.0.14/src/drawables/drawable.ts": "61b40233ea3c28664c2f8dfd8d794772d8a7a779f4228060efd41b0d44762521",
    "https://deno.land/x/imagemagick_deno@0.0.14/src/drawables/drawing-wand.ts": "3c495d8cf37eac2c3cc0e840a13aed24457d37414528077b06d3f8aa76cd4cde",
    "https://deno.land/x/imagemagick_deno@0.0.14/src/error-metric.ts": "fafe44d95312b0e9dd6e5d6d3efd536764468a4b80e3dc3d7d7efc33a40fb871",
    "https://deno.land/x/imagemagick_deno@0.0.14/src/evaluate-operator.ts": "c05d51cb193d95ce0432dee914465cbafc35026ea1102cc48f431571bfb67260",
    "https://deno.land/x/imagemagick_deno@0.0.14/src/filter-type.ts": "face0109ae9e56125b778a8842384031d6e0bd688dfcf96c0861f2fd8bb27225",
    "https://deno.land/x/imagemagick_deno@0.0.14/src/gravity.ts": "ed99d33e3775c510c0a29fb330ca5ac9445e41dd3644507186c25cc32eb8634a",
    "https://deno.land/x/imagemagick_deno@0.0.14/src/image-magick.ts": "1ae1c396bb9539b7918ac40c3710d13475f8e9d3d0a5a9216c087c1b95fab4ba",
    "https://deno.land/x/imagemagick_deno@0.0.14/src/internal/exception/exception.ts": "2c1e1d5f6df4fcaef50403ed18f5ebdf560a5e764944d569db406e97f76f2aae",
    "https://deno.land/x/imagemagick_deno@0.0.14/src/internal/geometry-flags.ts": "56bbc3f668db2e67f607cd1c08e07f51ded80a8c402efb0b6cd4ad98d0f69d19",
    "https://deno.land/x/imagemagick_deno@0.0.14/src/internal/magick-rectangle.ts": "ffffcd9ebffe20f871396af22c9f5acb332b5d503a5b21200a94e1e61e4e68b3",
    "https://deno.land/x/imagemagick_deno@0.0.14/src/internal/native-instance.ts": "25b42d5db19439ba7016821bf363d85cabe6fa0784e9ec0e84a975f9ca4a850c",
    "https://deno.land/x/imagemagick_deno@0.0.14/src/internal/native/array.ts": "bcfa4f33246feaf3e1cfd219f188819caf2ed84562f986f508b1ba8beecd28fb",
    "https://deno.land/x/imagemagick_deno@0.0.14/src/internal/native/string.ts": "a3985bf82a8c0e0507001ab1af72c817f6a9f3fffcba532c5504b75102107ce3",
    "https://deno.land/x/imagemagick_deno@0.0.14/src/internal/pointer/pointer.ts": "d866febf67a2d72678e6bd0fd70f751622348c3c2c4ad0aba42dbd750c4f8526",
    "https://deno.land/x/imagemagick_deno@0.0.14/src/internal/string-info.ts": "6121081f0382fdfe259bb6c95655b1626cc68af778ad91af437daa8c55965575",
    "https://deno.land/x/imagemagick_deno@0.0.14/src/magick-color.ts": "6e849e94f3183d86f44d55f4646af394d0d3573fbce8b26b6d6bfbda03dcaf5c",
    "https://deno.land/x/imagemagick_deno@0.0.14/src/magick-colors.ts": "c3a4cdbbca0ebce9386ae71f835118847d8770573efcb63a35c54242aa156f90",
    "https://deno.land/x/imagemagick_deno@0.0.14/src/magick-error-severity.ts": "160e5f07bad67542c9c95a8ec61e70f294333bf7f3c463419dc4fadfacdbdbf6",
    "https://deno.land/x/imagemagick_deno@0.0.14/src/magick-error.ts": "5a515e203373ef48903bda51635e04f232bf3144eaee48c66d65df1e705346d4",
    "https://deno.land/x/imagemagick_deno@0.0.14/src/magick-format-info.ts": "3c20c60a0eab8883cf7268c6993855718de5c3b53cab36097af611ac1a5219f9",
    "https://deno.land/x/imagemagick_deno@0.0.14/src/magick-format.ts": "b5fa87a4dcc9ccdc1465fbee8cc3a6999767c94d67ad0d86b7998af26bf8c309",
    "https://deno.land/x/imagemagick_deno@0.0.14/src/magick-geometry.ts": "c41ec925e2cba2f4a07ab278de87d533aac282f68b038d6ca7075fc09570f759",
    "https://deno.land/x/imagemagick_deno@0.0.14/src/magick-image-collection.ts": "7a1249264e27e9ae7d0e416d6dffe057750f212819c7973f5666f3a80e274e4a",
    "https://deno.land/x/imagemagick_deno@0.0.14/src/magick-image.ts": "e712e9f6d6f87a426e8a0cf6b467d100d10ee5ca70d81b145c370a1007ca8b27",
    "https://deno.land/x/imagemagick_deno@0.0.14/src/magick.ts": "990bbb125a908afd71bba8b9601704f64abfe68b861e906ec7495f87b2f4c776",
    "https://deno.land/x/imagemagick_deno@0.0.14/src/orientation-type.ts": "a5c48feec25d432e5c3ad3ed76c929a7960836d3ab1012525c0f7883e4f46c30",
    "https://deno.land/x/imagemagick_deno@0.0.14/src/paint-method.ts": "0178827b90549bf587e8ae9e2757cb96607b1fffa5c05d0534a8de136a346d29",
    "https://deno.land/x/imagemagick_deno@0.0.14/src/percentage.ts": "00240337512949c97e407b006cdd025af5fc6db600adce9ca6193ab61e326291",
    "https://deno.land/x/imagemagick_deno@0.0.14/src/pixel-channel.ts": "8039ee75caf150f4f817c49a12f025dd7ca01e263dfd3bd882a55ad0eb17086c",
    "https://deno.land/x/imagemagick_deno@0.0.14/src/pixel-interpolate-method.ts": "d2c62675acb5d8fffca3e2c91c9a35bfebec62f2424268e5e240f9f17f57d356",
    "https://deno.land/x/imagemagick_deno@0.0.14/src/pixels/pixel-collection.ts": "e21b9e3ecd31cd94f7a57939f565f9df3d3009e68fe8a03d8760780096d2e457",
    "https://deno.land/x/imagemagick_deno@0.0.14/src/point.ts": "f664938d0f39eadd41fe5eb8ca81c52b59a7f7138539afea3ddc863d25a4a935",
    "https://deno.land/x/imagemagick_deno@0.0.14/src/profiles/image-profile.ts": "ea1bb6406430a03cf9263a40260fcd8f99bcc14fa3629206fcbcd2679c94b4a2",
    "https://deno.land/x/imagemagick_deno@0.0.14/src/quantum.ts": "7e92f9cf73fc6ec89df48ab4c462339fad580f0b6a1e1009d3c5a5cb599dc3ed",
    "https://deno.land/x/imagemagick_deno@0.0.14/src/settings/distort-settings.ts": "cdb352260b90a140191c222bafde0740114062822400bdf89709bef1c2f40563",
    "https://deno.land/x/imagemagick_deno@0.0.14/src/settings/drawing-settings.ts": "40eb95416367982afd13de2138dd06527a937e1459d6e374f8d5f8e7fa0deb7e",
    "https://deno.land/x/imagemagick_deno@0.0.14/src/settings/magick-read-settings.ts": "95417d00701245c7c5bd202cd0d4f02546ae01a77ecc9d0523c97a84ddf862d5",
    "https://deno.land/x/imagemagick_deno@0.0.14/src/settings/magick-settings.ts": "8fb86c3bd354023d8026624bb4bca78501ae92adea6287f97e687b8b762095d1",
    "https://deno.land/x/imagemagick_deno@0.0.14/src/settings/native-drawing-settings.ts": "b6a04740bd9261a478ff44b631cb039c9f909ed2243cae4e6ae6b3ebcce6dc21",
    "https://deno.land/x/imagemagick_deno@0.0.14/src/settings/native-magick-settings.ts": "859787363161a2c6a693ab5b475859f9e9b02dfb7128215b0c03a68839892d1c",
    "https://deno.land/x/imagemagick_deno@0.0.14/src/virtual-pixel-method.ts": "ae2f0520e05b382299e4d41f4d7e2c67baf727ef7c816037e601c978948b1451",
    "https://deno.land/x/imagemagick_deno@0.0.14/src/wasm/magick.ts": "b5ec7d6c3c7379f8f9ba0c23238f7024aa35f3a15edb2d1cbca4ccc44a186ac9",
    "https://deno.land/x/imagemagick_deno@0.0.14/src/wasm/magick_native.js": "e7f2cfe41531d94286bf839783c08cc0b4b9c89e6ad7bbd0e2a4dcf70086ca75",
    "https://deno.land/x/imagemagick_deno@0.0.31/mod.ts": "124d7f045429f6e6c486b86e72d025410d09576bc0d8075e69f97118a1a33413"
  },
  "workspace": {
    "dependencies": [
      "jsr:@hono/hono@^4.6.6",
      "jsr:@std/fs@^1.0.5",
      "npm:wikipedia@^2.1.2"
    ]
  }
}
